
Microsoft Visual Studio Solution File, Format Version 12.00
# Visual Studio Version 16
VisualStudioVersion = 16.0.29728.190
MinimumVisualStudioVersion = 10.0.40219.1
Project("{FAE04EC0-301F-11D3-BF4B-00C04F79EFBC}") = "Groceries", "Groceries\Groceries.csproj", "{F08B81DB-B525-46B5-9689-CD9C0C9870BE}"
EndProject
Global
	GlobalSection(SolutionConfigurationPlatforms) = preSolution
		Debug|Any CPU = Debug|Any CPU
		Release|Any CPU = Release|Any CPU
	EndGlobalSection
	GlobalSection(ProjectConfigurationPlatforms) = postSolution
		{F08B81DB-B525-46B5-9689-CD9C0C9870BE}.Debug|Any CPU.ActiveCfg = Debug|Any CPU
		{F08B81DB-B525-46B5-9689-CD9C0C9870BE}.Debug|Any CPU.Build.0 = Debug|Any CPU
		{F08B81DB-B525-46B5-9689-CD9C0C9870BE}.Debug|Any CPU.Deploy.0 = Debug|Any CPU
		{F08B81DB-B525-46B5-9689-CD9C0C9870BE}.Release|Any CPU.ActiveCfg = Release|Any CPU
		{F08B81DB-B525-46B5-9689-CD9C0C9870BE}.Release|Any CPU.Build.0 = Release|Any CPU
		{F08B81DB-B525-46B5-9689-CD9C0C9870BE}.Release|Any CPU.Deploy.0 = Release|Any CPU
	EndGlobalSection
	GlobalSection(SolutionProperties) = preSolution
		HideSolutionNode = FALSE
	EndGlobalSection
	GlobalSection(ExtensibilityGlobals) = postSolution
		SolutionGuid = {4A1B81DB-48F0-4364-BE83-A885FE39401E}
	EndGlobalSection
EndGlobal
